<?xml version="1.0" encoding="utf-8"?>
<Project ToolsVersion="16.0" xmlns="http://schemas.microsoft.com/developer/msbuild/2003">
  <ItemGroup>
    <CustomBuild Include="C:\Users\Dylan\Desktop\CEC-CSC160-Final-Project\curl\built\CMakeFiles\5f88cecd79fee145357359e993c1281b\RUN_TESTS_force.rule">
      <Filter>CMake Rules</Filter>
    </CustomBuild>
  </ItemGroup>
  <ItemGroup>
    <Filter Include="CMake Rules">
      <UniqueIdentifier>{22F3BCA2-8A62-35BA-89AE-DCCAD781DEDE}</UniqueIdentifier>
    </Filter>
  </ItemGroup>
</Project>
