<?xml version="1.0" encoding="utf-8"?>
<Project ToolsVersion="16.0" xmlns="http://schemas.microsoft.com/developer/msbuild/2003">
  <ItemGroup>
    <ClCompile Include="C:\Users\Dylan\Desktop\CEC-CSC160-Final-Project\curl\tests\libtest\lib1538.c">
      <Filter>Source Files</Filter>
    </ClCompile>
    <ClCompile Include="C:\Users\Dylan\Desktop\CEC-CSC160-Final-Project\curl\tests\libtest\first.c">
      <Filter>Source Files</Filter>
    </ClCompile>
    <ClCompile Include="C:\Users\Dylan\Desktop\CEC-CSC160-Final-Project\curl\tests\libtest\testutil.c">
      <Filter>Source Files</Filter>
    </ClCompile>
    <ClCompile Include="C:\Users\Dylan\Desktop\CEC-CSC160-Final-Project\curl\lib\warnless.c">
      <Filter>Source Files</Filter>
    </ClCompile>
  </ItemGroup>
  <ItemGroup>
    <ClInclude Include="C:\Users\Dylan\Desktop\CEC-CSC160-Final-Project\curl\tests\libtest\test.h">
      <Filter>Header Files</Filter>
    </ClInclude>
    <ClInclude Include="C:\Users\Dylan\Desktop\CEC-CSC160-Final-Project\curl\tests\libtest\testutil.h">
      <Filter>Header Files</Filter>
    </ClInclude>
    <ClInclude Include="C:\Users\Dylan\Desktop\CEC-CSC160-Final-Project\curl\lib\warnless.h">
      <Filter>Header Files</Filter>
    </ClInclude>
  </ItemGroup>
  <ItemGroup>
    <CustomBuild Include="C:\Users\Dylan\Desktop\CEC-CSC160-Final-Project\curl\tests\libtest\CMakeLists.txt" />
  </ItemGroup>
  <ItemGroup>
    <Filter Include="Header Files">
      <UniqueIdentifier>{831AFB6B-0000-3118-BC9C-45D74D7E389F}</UniqueIdentifier>
    </Filter>
    <Filter Include="Source Files">
      <UniqueIdentifier>{F252A201-4ADF-3213-9E41-14F6BC5F2935}</UniqueIdentifier>
    </Filter>
  </ItemGroup>
</Project>
