
Microsoft Visual Studio Solution File, Format Version 12.00
# Visual Studio 15
VisualStudioVersion = 15.0.27703.2035
MinimumVisualStudioVersion = 10.0.40219.1
Project("{8BC9CEB8-8B4A-11D0-8D11-00A0C91BC942}") = "FPS", "FPS\FPS.vcxproj", "{45922264-5BC1-4E00-BFE8-9AEC62707AE3}"
EndProject
Global
	GlobalSection(SolutionConfigurationPlatforms) = preSolution
		Debug|x64 = Debug|x64
		Debug|x86 = Debug|x86
		Release|x64 = Release|x64
		Release|x86 = Release|x86
	EndGlobalSection
	GlobalSection(ProjectConfigurationPlatforms) = postSolution
		{45922264-5BC1-4E00-BFE8-9AEC62707AE3}.Debug|x64.ActiveCfg = Debug|x64
		{45922264-5BC1-4E00-BFE8-9AEC62707AE3}.Debug|x64.Build.0 = Debug|x64
		{45922264-5BC1-4E00-BFE8-9AEC62707AE3}.Debug|x86.ActiveCfg = Debug|Win32
		{45922264-5BC1-4E00-BFE8-9AEC62707AE3}.Debug|x86.Build.0 = Debug|Win32
		{45922264-5BC1-4E00-BFE8-9AEC62707AE3}.Release|x64.ActiveCfg = Release|x64
		{45922264-5BC1-4E00-BFE8-9AEC62707AE3}.Release|x64.Build.0 = Release|x64
		{45922264-5BC1-4E00-BFE8-9AEC62707AE3}.Release|x86.ActiveCfg = Release|Win32
		{45922264-5BC1-4E00-BFE8-9AEC62707AE3}.Release|x86.Build.0 = Release|Win32
	EndGlobalSection
	GlobalSection(SolutionProperties) = preSolution
		HideSolutionNode = FALSE
	EndGlobalSection
	GlobalSection(ExtensibilityGlobals) = postSolution
		SolutionGuid = {743D2473-99C6-4306-94A3-AAA7B4EFC943}
	EndGlobalSection
EndGlobal
